
Microsoft Visual Studio Solution File, Format Version 12.00
# Visual Studio Version 16
VisualStudioVersion = 16.0.30611.23
MinimumVisualStudioVersion = 10.0.40219.1
Project("{FAE04EC0-301F-11D3-BF4B-00C04F79EFBC}") = "ClientProxy-P4-109_Form", "ClientProxy-P4-109_Form\ClientProxy-P4-109_Form.csproj", "{8A43E275-D386-4F60-A346-5FF4CB081334}"
EndProject
Global
	GlobalSection(SolutionConfigurationPlatforms) = preSolution
		Debug|Any CPU = Debug|Any CPU
		Release|Any CPU = Release|Any CPU
	EndGlobalSection
	GlobalSection(ProjectConfigurationPlatforms) = postSolution
		{8A43E275-D386-4F60-A346-5FF4CB081334}.Debug|Any CPU.ActiveCfg = Debug|Any CPU
		{8A43E275-D386-4F60-A346-5FF4CB081334}.Debug|Any CPU.Build.0 = Debug|Any CPU
		{8A43E275-D386-4F60-A346-5FF4CB081334}.Release|Any CPU.ActiveCfg = Release|Any CPU
		{8A43E275-D386-4F60-A346-5FF4CB081334}.Release|Any CPU.Build.0 = Release|Any CPU
	EndGlobalSection
	GlobalSection(SolutionProperties) = preSolution
		HideSolutionNode = FALSE
	EndGlobalSection
	GlobalSection(ExtensibilityGlobals) = postSolution
		SolutionGuid = {5ABC42B7-013B-4B2B-8287-1BA711B60629}
	EndGlobalSection
EndGlobal
